
Microsoft Visual Studio Solution File, Format Version 12.00
# Visual Studio Version 16
VisualStudioVersion = 16.0.29306.81
MinimumVisualStudioVersion = 10.0.40219.1
Project("{FAE04EC0-301F-11D3-BF4B-00C04F79EFBC}") = "Oblig1Vy", "Oblig1Vy\Oblig1Vy.csproj", "{F374461D-A8BE-4401-8715-2D87CC4FB92B}"
EndProject
Global
	GlobalSection(SolutionConfigurationPlatforms) = preSolution
		Debug|Any CPU = Debug|Any CPU
		Release|Any CPU = Release|Any CPU
	EndGlobalSection
	GlobalSection(ProjectConfigurationPlatforms) = postSolution
		{F374461D-A8BE-4401-8715-2D87CC4FB92B}.Debug|Any CPU.ActiveCfg = Debug|Any CPU
		{F374461D-A8BE-4401-8715-2D87CC4FB92B}.Debug|Any CPU.Build.0 = Debug|Any CPU
		{F374461D-A8BE-4401-8715-2D87CC4FB92B}.Release|Any CPU.ActiveCfg = Release|Any CPU
		{F374461D-A8BE-4401-8715-2D87CC4FB92B}.Release|Any CPU.Build.0 = Release|Any CPU
	EndGlobalSection
	GlobalSection(SolutionProperties) = preSolution
		HideSolutionNode = FALSE
	EndGlobalSection
	GlobalSection(ExtensibilityGlobals) = postSolution
		SolutionGuid = {4E447F24-5109-4F05-91CA-A00CC888612F}
	EndGlobalSection
EndGlobal
